
Microsoft Visual Studio Solution File, Format Version 10.00
# Visual Studio 2008
Project("{FAE04EC0-301F-11D3-BF4B-00C04F79EFBC}") = "MattsMenuLibrary", "MattsMenuLibrary\MattsMenuLibrary.csproj", "{940E48AD-EE73-44E6-9CC8-9F22ADE9983D}"
EndProject
Project("{2150E333-8FDC-42A3-9474-1A3956D46DE8}") = "Solution Items", "Solution Items", "{B0441EE2-A2B5-42EE-B5CF-C253E8878149}"
EndProject
Project("{FAE04EC0-301F-11D3-BF4B-00C04F79EFBC}") = "MenuUseExample", "WindowsGame1\MenuUseExample.csproj", "{3192B030-AF06-4F98-90E4-6BA87CEFAADB}"
EndProject
Global
	GlobalSection(TestCaseManagementSettings) = postSolution
		CategoryFile = MattsMenuLibrary.vsmdi
	EndGlobalSection
	GlobalSection(SolutionConfigurationPlatforms) = preSolution
		Debug|Any CPU = Debug|Any CPU
		Debug|Mixed Platforms = Debug|Mixed Platforms
		Debug|x86 = Debug|x86
		Release|Any CPU = Release|Any CPU
		Release|Mixed Platforms = Release|Mixed Platforms
		Release|x86 = Release|x86
	EndGlobalSection
	GlobalSection(ProjectConfigurationPlatforms) = postSolution
		{940E48AD-EE73-44E6-9CC8-9F22ADE9983D}.Debug|Any CPU.ActiveCfg = Debug|x86
		{940E48AD-EE73-44E6-9CC8-9F22ADE9983D}.Debug|Mixed Platforms.ActiveCfg = Debug|x86
		{940E48AD-EE73-44E6-9CC8-9F22ADE9983D}.Debug|Mixed Platforms.Build.0 = Debug|x86
		{940E48AD-EE73-44E6-9CC8-9F22ADE9983D}.Debug|x86.ActiveCfg = Debug|x86
		{940E48AD-EE73-44E6-9CC8-9F22ADE9983D}.Debug|x86.Build.0 = Debug|x86
		{940E48AD-EE73-44E6-9CC8-9F22ADE9983D}.Release|Any CPU.ActiveCfg = Release|x86
		{940E48AD-EE73-44E6-9CC8-9F22ADE9983D}.Release|Mixed Platforms.ActiveCfg = Release|x86
		{940E48AD-EE73-44E6-9CC8-9F22ADE9983D}.Release|Mixed Platforms.Build.0 = Release|x86
		{940E48AD-EE73-44E6-9CC8-9F22ADE9983D}.Release|x86.ActiveCfg = Release|x86
		{940E48AD-EE73-44E6-9CC8-9F22ADE9983D}.Release|x86.Build.0 = Release|x86
		{524EDC77-35BC-469D-AF05-CCF220790C9B}.Debug|Any CPU.ActiveCfg = Debug|x86
		{524EDC77-35BC-469D-AF05-CCF220790C9B}.Debug|Mixed Platforms.ActiveCfg = Debug|x86
		{524EDC77-35BC-469D-AF05-CCF220790C9B}.Debug|x86.ActiveCfg = Debug|x86
		{524EDC77-35BC-469D-AF05-CCF220790C9B}.Release|Any CPU.ActiveCfg = Release|x86
		{524EDC77-35BC-469D-AF05-CCF220790C9B}.Release|Mixed Platforms.ActiveCfg = Release|x86
		{524EDC77-35BC-469D-AF05-CCF220790C9B}.Release|x86.ActiveCfg = Release|x86
		{3192B030-AF06-4F98-90E4-6BA87CEFAADB}.Debug|Any CPU.ActiveCfg = Debug|x86
		{3192B030-AF06-4F98-90E4-6BA87CEFAADB}.Debug|Mixed Platforms.ActiveCfg = Debug|x86
		{3192B030-AF06-4F98-90E4-6BA87CEFAADB}.Debug|Mixed Platforms.Build.0 = Debug|x86
		{3192B030-AF06-4F98-90E4-6BA87CEFAADB}.Debug|x86.ActiveCfg = Debug|x86
		{3192B030-AF06-4F98-90E4-6BA87CEFAADB}.Debug|x86.Build.0 = Debug|x86
		{3192B030-AF06-4F98-90E4-6BA87CEFAADB}.Release|Any CPU.ActiveCfg = Release|x86
		{3192B030-AF06-4F98-90E4-6BA87CEFAADB}.Release|Mixed Platforms.ActiveCfg = Release|x86
		{3192B030-AF06-4F98-90E4-6BA87CEFAADB}.Release|Mixed Platforms.Build.0 = Release|x86
		{3192B030-AF06-4F98-90E4-6BA87CEFAADB}.Release|x86.ActiveCfg = Release|x86
		{3192B030-AF06-4F98-90E4-6BA87CEFAADB}.Release|x86.Build.0 = Release|x86
		{EF2586CE-0C98-41CC-9519-844684C5CC1B}.Debug|Any CPU.ActiveCfg = Debug|x86
		{EF2586CE-0C98-41CC-9519-844684C5CC1B}.Debug|Mixed Platforms.ActiveCfg = Debug|x86
		{EF2586CE-0C98-41CC-9519-844684C5CC1B}.Debug|x86.ActiveCfg = Debug|x86
		{EF2586CE-0C98-41CC-9519-844684C5CC1B}.Release|Any CPU.ActiveCfg = Release|x86
		{EF2586CE-0C98-41CC-9519-844684C5CC1B}.Release|Mixed Platforms.ActiveCfg = Release|x86
		{EF2586CE-0C98-41CC-9519-844684C5CC1B}.Release|x86.ActiveCfg = Release|x86
	EndGlobalSection
	GlobalSection(SolutionProperties) = preSolution
		HideSolutionNode = FALSE
	EndGlobalSection
EndGlobal
